
Microsoft Visual Studio Solution File, Format Version 12.00
Project("{2150E333-8FDC-42A3-9474-1A3956D46DE8}") = "src", "src", "{F0EDC7B1-3340-456B-B3F4-305E809D3F1F}"
EndProject
Project("{2150E333-8FDC-42A3-9474-1A3956D46DE8}") = "tests", "tests", "{51935F6B-5B62-4F0B-91CA-AA1324C0BB8D}"
EndProject
Project("{FAE04EC0-301F-11D3-BF4B-00C04F79EFBC}") = "WebApi.Tests", "tests\WebApi.Tests\WebApi.Tests.csproj", "{CDA7E58A-65C4-4875-B5E2-C6F8FF887986}"
EndProject
Project("{FAE04EC0-301F-11D3-BF4B-00C04F79EFBC}") = "WebApi", "src\WebApi\WebApi.csproj", "{6A464135-DD92-4B8D-923E-E7216E47EE7E}"
EndProject
Global
	GlobalSection(SolutionConfigurationPlatforms) = preSolution
		Debug|Any CPU = Debug|Any CPU
		Release|Any CPU = Release|Any CPU
	EndGlobalSection
	GlobalSection(NestedProjects) = preSolution
		{CDA7E58A-65C4-4875-B5E2-C6F8FF887986} = {51935F6B-5B62-4F0B-91CA-AA1324C0BB8D}
		{6A464135-DD92-4B8D-923E-E7216E47EE7E} = {F0EDC7B1-3340-456B-B3F4-305E809D3F1F}
	EndGlobalSection
	GlobalSection(ProjectConfigurationPlatforms) = postSolution
		{CDA7E58A-65C4-4875-B5E2-C6F8FF887986}.Debug|Any CPU.ActiveCfg = Debug|Any CPU
		{CDA7E58A-65C4-4875-B5E2-C6F8FF887986}.Debug|Any CPU.Build.0 = Debug|Any CPU
		{CDA7E58A-65C4-4875-B5E2-C6F8FF887986}.Release|Any CPU.ActiveCfg = Release|Any CPU
		{CDA7E58A-65C4-4875-B5E2-C6F8FF887986}.Release|Any CPU.Build.0 = Release|Any CPU
		{6A464135-DD92-4B8D-923E-E7216E47EE7E}.Debug|Any CPU.ActiveCfg = Debug|Any CPU
		{6A464135-DD92-4B8D-923E-E7216E47EE7E}.Debug|Any CPU.Build.0 = Debug|Any CPU
		{6A464135-DD92-4B8D-923E-E7216E47EE7E}.Release|Any CPU.ActiveCfg = Release|Any CPU
		{6A464135-DD92-4B8D-923E-E7216E47EE7E}.Release|Any CPU.Build.0 = Release|Any CPU
	EndGlobalSection
EndGlobal
